
Microsoft Visual Studio Solution File, Format Version 12.00
# Visual Studio Version 17
VisualStudioVersion = 17.4.33213.308
MinimumVisualStudioVersion = 10.0.40219.1
Project("{FAE04EC0-301F-11D3-BF4B-00C04F79EFBC}") = "InHouseProjectFinal", "InHouseProjectFinal.csproj", "{08DB8C9A-2080-4666-BB5B-8C781313D8D8}"
EndProject
Global
	GlobalSection(SolutionConfigurationPlatforms) = preSolution
		Debug|Any CPU = Debug|Any CPU
		Release|Any CPU = Release|Any CPU
	EndGlobalSection
	GlobalSection(ProjectConfigurationPlatforms) = postSolution
		{08DB8C9A-2080-4666-BB5B-8C781313D8D8}.Debug|Any CPU.ActiveCfg = Debug|Any CPU
		{08DB8C9A-2080-4666-BB5B-8C781313D8D8}.Debug|Any CPU.Build.0 = Debug|Any CPU
		{08DB8C9A-2080-4666-BB5B-8C781313D8D8}.Release|Any CPU.ActiveCfg = Release|Any CPU
		{08DB8C9A-2080-4666-BB5B-8C781313D8D8}.Release|Any CPU.Build.0 = Release|Any CPU
	EndGlobalSection
	GlobalSection(SolutionProperties) = preSolution
		HideSolutionNode = FALSE
	EndGlobalSection
	GlobalSection(ExtensibilityGlobals) = postSolution
		SolutionGuid = {959A7C85-2A6F-495B-9464-2AB35B635CEA}
	EndGlobalSection
EndGlobal
